
Microsoft Visual Studio Solution File, Format Version 12.00
# Visual Studio Version 17
VisualStudioVersion = 17.0.31912.275
MinimumVisualStudioVersion = 10.0.40219.1
Project("{FAE04EC0-301F-11D3-BF4B-00C04F79EFBC}") = "Manager.Infrastructure", "Manager.Infrastructure.csproj", "{9C0E025D-7785-42B0-A3E7-6B02DEA1E176}"
EndProject
Global
	GlobalSection(SolutionConfigurationPlatforms) = preSolution
		Debug|Any CPU = Debug|Any CPU
		Release|Any CPU = Release|Any CPU
	EndGlobalSection
	GlobalSection(ProjectConfigurationPlatforms) = postSolution
		{9C0E025D-7785-42B0-A3E7-6B02DEA1E176}.Debug|Any CPU.ActiveCfg = Debug|Any CPU
		{9C0E025D-7785-42B0-A3E7-6B02DEA1E176}.Debug|Any CPU.Build.0 = Debug|Any CPU
		{9C0E025D-7785-42B0-A3E7-6B02DEA1E176}.Release|Any CPU.ActiveCfg = Release|Any CPU
		{9C0E025D-7785-42B0-A3E7-6B02DEA1E176}.Release|Any CPU.Build.0 = Release|Any CPU
	EndGlobalSection
	GlobalSection(SolutionProperties) = preSolution
		HideSolutionNode = FALSE
	EndGlobalSection
	GlobalSection(ExtensibilityGlobals) = postSolution
		SolutionGuid = {1E158782-E20F-4298-AFA2-E2FF940EACEC}
	EndGlobalSection
EndGlobal
